
Microsoft Visual Studio Solution File, Format Version 9.00
# Visual Studio 2005
Project("{8BC9CEB8-8B4A-11D0-8D11-00A0C91BC942}") = "BaseLib", "..\..\..\..\baselib\script\BaseLib.vcproj", "{C44AC312-058C-4FC3-9A88-A50AB6AE9FC9}"
EndProject
Project("{8BC9CEB8-8B4A-11D0-8D11-00A0C91BC942}") = "RoleSelectServer", "RoleSelectServer.vcproj", "{DCD1ABA0-78F8-4876-ABEE-83A5D57FC3C7}"
	ProjectSection(ProjectDependencies) = postProject
		{C44AC312-058C-4FC3-9A88-A50AB6AE9FC9} = {C44AC312-058C-4FC3-9A88-A50AB6AE9FC9}
	EndProjectSection
EndProject
Global
	GlobalSection(SolutionConfigurationPlatforms) = preSolution
		Debug|Win32 = Debug|Win32
		Release|Win32 = Release|Win32
	EndGlobalSection
	GlobalSection(ProjectConfigurationPlatforms) = postSolution
		{C44AC312-058C-4FC3-9A88-A50AB6AE9FC9}.Debug|Win32.ActiveCfg = Debug|Win32
		{C44AC312-058C-4FC3-9A88-A50AB6AE9FC9}.Debug|Win32.Build.0 = Debug|Win32
		{C44AC312-058C-4FC3-9A88-A50AB6AE9FC9}.Release|Win32.ActiveCfg = Release|Win32
		{C44AC312-058C-4FC3-9A88-A50AB6AE9FC9}.Release|Win32.Build.0 = Release|Win32
		{DCD1ABA0-78F8-4876-ABEE-83A5D57FC3C7}.Debug|Win32.ActiveCfg = Debug|Win32
		{DCD1ABA0-78F8-4876-ABEE-83A5D57FC3C7}.Debug|Win32.Build.0 = Debug|Win32
		{DCD1ABA0-78F8-4876-ABEE-83A5D57FC3C7}.Release|Win32.ActiveCfg = Release|Win32
		{DCD1ABA0-78F8-4876-ABEE-83A5D57FC3C7}.Release|Win32.Build.0 = Release|Win32
	EndGlobalSection
	GlobalSection(SolutionProperties) = preSolution
		HideSolutionNode = FALSE
	EndGlobalSection
EndGlobal
